
Microsoft Visual Studio Solution File, Format Version 12.00
# Visual Studio Version 17
VisualStudioVersion = 17.11.35327.3
MinimumVisualStudioVersion = 10.0.40219.1
Project("{FAE04EC0-301F-11D3-BF4B-00C04F79EFBC}") = "ProductApp", "ProductApp\ProductApp.csproj", "{E433357D-8DB9-4379-8415-DF3C5690F1F7}"
EndProject
Project("{9A19103F-16F7-4668-BE54-9A1E7A4F7556}") = "ProductApp.Tests", "ProductApp.Test\ProductApp.Tests.csproj", "{7EAE360D-113C-4740-AA4B-543E72282210}"
EndProject
Global
	GlobalSection(SolutionConfigurationPlatforms) = preSolution
		Debug|Any CPU = Debug|Any CPU
		Release|Any CPU = Release|Any CPU
	EndGlobalSection
	GlobalSection(ProjectConfigurationPlatforms) = postSolution
		{E433357D-8DB9-4379-8415-DF3C5690F1F7}.Debug|Any CPU.ActiveCfg = Debug|Any CPU
		{E433357D-8DB9-4379-8415-DF3C5690F1F7}.Debug|Any CPU.Build.0 = Debug|Any CPU
		{E433357D-8DB9-4379-8415-DF3C5690F1F7}.Release|Any CPU.ActiveCfg = Release|Any CPU
		{E433357D-8DB9-4379-8415-DF3C5690F1F7}.Release|Any CPU.Build.0 = Release|Any CPU
		{7EAE360D-113C-4740-AA4B-543E72282210}.Debug|Any CPU.ActiveCfg = Debug|Any CPU
		{7EAE360D-113C-4740-AA4B-543E72282210}.Debug|Any CPU.Build.0 = Debug|Any CPU
		{7EAE360D-113C-4740-AA4B-543E72282210}.Release|Any CPU.ActiveCfg = Release|Any CPU
		{7EAE360D-113C-4740-AA4B-543E72282210}.Release|Any CPU.Build.0 = Release|Any CPU
	EndGlobalSection
	GlobalSection(SolutionProperties) = preSolution
		HideSolutionNode = FALSE
	EndGlobalSection
	GlobalSection(ExtensibilityGlobals) = postSolution
		SolutionGuid = {A7414B42-ACD8-4DF9-83E4-46DD6220B0AC}
	EndGlobalSection
EndGlobal
